
Microsoft Visual Studio Solution File, Format Version 12.00
# Visual Studio 15
VisualStudioVersion = 15.0.27130.2027
MinimumVisualStudioVersion = 10.0.40219.1
Project("{FAE04EC0-301F-11D3-BF4B-00C04F79EFBC}") = "toolkit", "toolkit\toolkit.csproj", "{EB3C715E-A1A5-4F92-9692-B185C3E9BC8D}"
EndProject
Project("{FAE04EC0-301F-11D3-BF4B-00C04F79EFBC}") = "Common", "toolkit\lib\Iocomp\common\Common.csproj", "{28FC2D39-8D09-4EB7-B5A6-F2BBFE3D38C6}"
EndProject
Project("{FAE04EC0-301F-11D3-BF4B-00C04F79EFBC}") = "Plot", "toolkit\lib\Iocomp\plot\Plot.csproj", "{24D09236-9CCB-4B96-862E-9EAC0C4C7246}"
EndProject
Project("{8BC9CEB8-8B4A-11D0-8D11-00A0C91BC942}") = "comlink", "comlink\comlink.vcxproj", "{665CF468-9A66-4571-B040-B32DBDE0CFFD}"
EndProject
Project("{8BC9CEB8-8B4A-11D0-8D11-00A0C91BC942}") = "comlink_sim", "comlink_sim\comlink_sim.vcxproj", "{28E89BE0-0D03-4D8A-A9DE-183FB0733048}"
EndProject
Project("{FAE04EC0-301F-11D3-BF4B-00C04F79EFBC}") = "dev_toolkit", "dev_toolkit\dev_toolkit.csproj", "{C02C85F5-1F4F-4CBF-8A33-05E861706510}"
EndProject
Global
	GlobalSection(SolutionConfigurationPlatforms) = preSolution
		Debug|Any CPU = Debug|Any CPU
		Debug|x64 = Debug|x64
		Debug|x86 = Debug|x86
		Release|Any CPU = Release|Any CPU
		Release|x64 = Release|x64
		Release|x86 = Release|x86
	EndGlobalSection
	GlobalSection(ProjectConfigurationPlatforms) = postSolution
		{EB3C715E-A1A5-4F92-9692-B185C3E9BC8D}.Debug|Any CPU.ActiveCfg = Debug|Any CPU
		{EB3C715E-A1A5-4F92-9692-B185C3E9BC8D}.Debug|Any CPU.Build.0 = Debug|Any CPU
		{EB3C715E-A1A5-4F92-9692-B185C3E9BC8D}.Debug|x64.ActiveCfg = Debug|Any CPU
		{EB3C715E-A1A5-4F92-9692-B185C3E9BC8D}.Debug|x64.Build.0 = Debug|Any CPU
		{EB3C715E-A1A5-4F92-9692-B185C3E9BC8D}.Debug|x86.ActiveCfg = Debug|Any CPU
		{EB3C715E-A1A5-4F92-9692-B185C3E9BC8D}.Debug|x86.Build.0 = Debug|Any CPU
		{EB3C715E-A1A5-4F92-9692-B185C3E9BC8D}.Release|Any CPU.ActiveCfg = Release|Any CPU
		{EB3C715E-A1A5-4F92-9692-B185C3E9BC8D}.Release|Any CPU.Build.0 = Release|Any CPU
		{EB3C715E-A1A5-4F92-9692-B185C3E9BC8D}.Release|x64.ActiveCfg = Release|Any CPU
		{EB3C715E-A1A5-4F92-9692-B185C3E9BC8D}.Release|x64.Build.0 = Release|Any CPU
		{EB3C715E-A1A5-4F92-9692-B185C3E9BC8D}.Release|x86.ActiveCfg = Release|Any CPU
		{EB3C715E-A1A5-4F92-9692-B185C3E9BC8D}.Release|x86.Build.0 = Release|Any CPU
		{28FC2D39-8D09-4EB7-B5A6-F2BBFE3D38C6}.Debug|Any CPU.ActiveCfg = Debug|Any CPU
		{28FC2D39-8D09-4EB7-B5A6-F2BBFE3D38C6}.Debug|Any CPU.Build.0 = Debug|Any CPU
		{28FC2D39-8D09-4EB7-B5A6-F2BBFE3D38C6}.Debug|x64.ActiveCfg = Debug|Any CPU
		{28FC2D39-8D09-4EB7-B5A6-F2BBFE3D38C6}.Debug|x64.Build.0 = Debug|Any CPU
		{28FC2D39-8D09-4EB7-B5A6-F2BBFE3D38C6}.Debug|x86.ActiveCfg = Debug|Any CPU
		{28FC2D39-8D09-4EB7-B5A6-F2BBFE3D38C6}.Debug|x86.Build.0 = Debug|Any CPU
		{28FC2D39-8D09-4EB7-B5A6-F2BBFE3D38C6}.Release|Any CPU.ActiveCfg = Release|Any CPU
		{28FC2D39-8D09-4EB7-B5A6-F2BBFE3D38C6}.Release|Any CPU.Build.0 = Release|Any CPU
		{28FC2D39-8D09-4EB7-B5A6-F2BBFE3D38C6}.Release|x64.ActiveCfg = Release|Any CPU
		{28FC2D39-8D09-4EB7-B5A6-F2BBFE3D38C6}.Release|x64.Build.0 = Release|Any CPU
		{28FC2D39-8D09-4EB7-B5A6-F2BBFE3D38C6}.Release|x86.ActiveCfg = Release|Any CPU
		{28FC2D39-8D09-4EB7-B5A6-F2BBFE3D38C6}.Release|x86.Build.0 = Release|Any CPU
		{24D09236-9CCB-4B96-862E-9EAC0C4C7246}.Debug|Any CPU.ActiveCfg = Debug|Any CPU
		{24D09236-9CCB-4B96-862E-9EAC0C4C7246}.Debug|Any CPU.Build.0 = Debug|Any CPU
		{24D09236-9CCB-4B96-862E-9EAC0C4C7246}.Debug|x64.ActiveCfg = Debug|Any CPU
		{24D09236-9CCB-4B96-862E-9EAC0C4C7246}.Debug|x64.Build.0 = Debug|Any CPU
		{24D09236-9CCB-4B96-862E-9EAC0C4C7246}.Debug|x86.ActiveCfg = Debug|Any CPU
		{24D09236-9CCB-4B96-862E-9EAC0C4C7246}.Debug|x86.Build.0 = Debug|Any CPU
		{24D09236-9CCB-4B96-862E-9EAC0C4C7246}.Release|Any CPU.ActiveCfg = Release|Any CPU
		{24D09236-9CCB-4B96-862E-9EAC0C4C7246}.Release|Any CPU.Build.0 = Release|Any CPU
		{24D09236-9CCB-4B96-862E-9EAC0C4C7246}.Release|x64.ActiveCfg = Release|Any CPU
		{24D09236-9CCB-4B96-862E-9EAC0C4C7246}.Release|x64.Build.0 = Release|Any CPU
		{24D09236-9CCB-4B96-862E-9EAC0C4C7246}.Release|x86.ActiveCfg = Release|Any CPU
		{24D09236-9CCB-4B96-862E-9EAC0C4C7246}.Release|x86.Build.0 = Release|Any CPU
		{665CF468-9A66-4571-B040-B32DBDE0CFFD}.Debug|Any CPU.ActiveCfg = Debug|Win32
		{665CF468-9A66-4571-B040-B32DBDE0CFFD}.Debug|x64.ActiveCfg = Debug|x64
		{665CF468-9A66-4571-B040-B32DBDE0CFFD}.Debug|x64.Build.0 = Debug|x64
		{665CF468-9A66-4571-B040-B32DBDE0CFFD}.Debug|x86.ActiveCfg = Debug|Win32
		{665CF468-9A66-4571-B040-B32DBDE0CFFD}.Debug|x86.Build.0 = Debug|Win32
		{665CF468-9A66-4571-B040-B32DBDE0CFFD}.Release|Any CPU.ActiveCfg = Release|Win32
		{665CF468-9A66-4571-B040-B32DBDE0CFFD}.Release|x64.ActiveCfg = Release|x64
		{665CF468-9A66-4571-B040-B32DBDE0CFFD}.Release|x64.Build.0 = Release|x64
		{665CF468-9A66-4571-B040-B32DBDE0CFFD}.Release|x86.ActiveCfg = Release|Win32
		{665CF468-9A66-4571-B040-B32DBDE0CFFD}.Release|x86.Build.0 = Release|Win32
		{28E89BE0-0D03-4D8A-A9DE-183FB0733048}.Debug|Any CPU.ActiveCfg = Debug|Win32
		{28E89BE0-0D03-4D8A-A9DE-183FB0733048}.Debug|x64.ActiveCfg = Debug|x64
		{28E89BE0-0D03-4D8A-A9DE-183FB0733048}.Debug|x64.Build.0 = Debug|x64
		{28E89BE0-0D03-4D8A-A9DE-183FB0733048}.Debug|x86.ActiveCfg = Debug|Win32
		{28E89BE0-0D03-4D8A-A9DE-183FB0733048}.Debug|x86.Build.0 = Debug|Win32
		{28E89BE0-0D03-4D8A-A9DE-183FB0733048}.Release|Any CPU.ActiveCfg = Release|Win32
		{28E89BE0-0D03-4D8A-A9DE-183FB0733048}.Release|x64.ActiveCfg = Release|x64
		{28E89BE0-0D03-4D8A-A9DE-183FB0733048}.Release|x64.Build.0 = Release|x64
		{28E89BE0-0D03-4D8A-A9DE-183FB0733048}.Release|x86.ActiveCfg = Release|Win32
		{28E89BE0-0D03-4D8A-A9DE-183FB0733048}.Release|x86.Build.0 = Release|Win32
		{C02C85F5-1F4F-4CBF-8A33-05E861706510}.Debug|Any CPU.ActiveCfg = Debug|Any CPU
		{C02C85F5-1F4F-4CBF-8A33-05E861706510}.Debug|Any CPU.Build.0 = Debug|Any CPU
		{C02C85F5-1F4F-4CBF-8A33-05E861706510}.Debug|x64.ActiveCfg = Debug|Any CPU
		{C02C85F5-1F4F-4CBF-8A33-05E861706510}.Debug|x64.Build.0 = Debug|Any CPU
		{C02C85F5-1F4F-4CBF-8A33-05E861706510}.Debug|x86.ActiveCfg = Debug|Any CPU
		{C02C85F5-1F4F-4CBF-8A33-05E861706510}.Debug|x86.Build.0 = Debug|Any CPU
		{C02C85F5-1F4F-4CBF-8A33-05E861706510}.Release|Any CPU.ActiveCfg = Release|Any CPU
		{C02C85F5-1F4F-4CBF-8A33-05E861706510}.Release|Any CPU.Build.0 = Release|Any CPU
		{C02C85F5-1F4F-4CBF-8A33-05E861706510}.Release|x64.ActiveCfg = Release|Any CPU
		{C02C85F5-1F4F-4CBF-8A33-05E861706510}.Release|x64.Build.0 = Release|Any CPU
		{C02C85F5-1F4F-4CBF-8A33-05E861706510}.Release|x86.ActiveCfg = Release|Any CPU
		{C02C85F5-1F4F-4CBF-8A33-05E861706510}.Release|x86.Build.0 = Release|Any CPU
	EndGlobalSection
	GlobalSection(SolutionProperties) = preSolution
		HideSolutionNode = FALSE
	EndGlobalSection
	GlobalSection(ExtensibilityGlobals) = postSolution
		SolutionGuid = {D9C0919F-99A2-49C5-86D0-B35DECC98FFB}
	EndGlobalSection
EndGlobal
